
Microsoft Visual Studio Solution File, Format Version 12.00
# Visual Studio Version 17
VisualStudioVersion = 17.7.34202.233
MinimumVisualStudioVersion = 10.0.40219.1
Project("{2150E333-8FDC-42A3-9474-1A3956D46DE8}") = "API", "API", "{9960C194-A0FD-43D6-9255-2EB94FA3A404}"
EndProject
Project("{2150E333-8FDC-42A3-9474-1A3956D46DE8}") = "Domain", "Domain", "{5AF0FC81-641C-40B2-8E64-6E2AEC251AD8}"
EndProject
Project("{2150E333-8FDC-42A3-9474-1A3956D46DE8}") = "Data", "Data", "{A042E865-8722-4392-815B-0785DA5A93EC}"
EndProject
Project("{2150E333-8FDC-42A3-9474-1A3956D46DE8}") = "Infrastructure", "Infrastructure", "{1F9E2A0E-400A-42D5-A177-15F595602564}"
EndProject
Project("{2150E333-8FDC-42A3-9474-1A3956D46DE8}") = "Services", "Services", "{4BB5E062-BB1B-4370-B1D0-79BC963E2648}"
EndProject
Project("{9A19103F-16F7-4668-BE54-9A1E7A4F7556}") = "ALR.WebAPI.Control", "ALR.WebAPI.Control\ALR.WebAPI.Control.csproj", "{F033C756-BB43-403D-BC88-50EAB0EB6F59}"
EndProject
Project("{9A19103F-16F7-4668-BE54-9A1E7A4F7556}") = "ALR.Data.Base", "ALR.Data.Base\ALR.Data.Base.csproj", "{EB61B021-3CB6-4BA6-9D6D-9E5B58B9D298}"
EndProject
Project("{9A19103F-16F7-4668-BE54-9A1E7A4F7556}") = "ALR.Data.Database", "ALR.Data.Database\ALR.Data.Database.csproj", "{07D767C2-AC10-415D-B58B-626455619ED7}"
EndProject
Project("{9A19103F-16F7-4668-BE54-9A1E7A4F7556}") = "ALR.Data.Dto", "ALR.Data.Dto\ALR.Data.Dto.csproj", "{7F2D9907-A8C4-40F6-ABA7-1867589A2F05}"
EndProject
Project("{9A19103F-16F7-4668-BE54-9A1E7A4F7556}") = "ALR.Domain.Entities", "ALR.Domain.Entities\ALR.Domain.Entities.csproj", "{C5A8210D-FC2D-433D-BE1B-ED195C45F457}"
EndProject
Project("{9A19103F-16F7-4668-BE54-9A1E7A4F7556}") = "ALR.Infrastructure.APIConfig", "ALR.Infrastructure.APIConfig\ALR.Infrastructure.APIConfig.csproj", "{0FF557BB-DEDA-4763-9F11-826C43DA841E}"
EndProject
Project("{9A19103F-16F7-4668-BE54-9A1E7A4F7556}") = "ALR.Services.Authentication", "ALR.Services.Authentication\ALR.Services.Authentication.csproj", "{6A207657-036A-4759-9066-34A0F0742CA1}"
EndProject
Project("{9A19103F-16F7-4668-BE54-9A1E7A4F7556}") = "ALR.Services.Common", "ALR.Services.Common\ALR.Services.Common.csproj", "{B2BA171E-073C-4206-9BFF-2391C5D58161}"
EndProject
Project("{9A19103F-16F7-4668-BE54-9A1E7A4F7556}") = "ALR.Services.MainServices", "ALR.Services.MainServices\ALR.Services.MainServices.csproj", "{16C8995A-C041-47AC-8FB4-C873EC15CF13}"
EndProject
Project("{2150E333-8FDC-42A3-9474-1A3956D46DE8}") = "Timer", "Timer", "{477C4FB9-EF54-4BEF-940C-CF5F57291EB0}"
EndProject
Project("{FAE04EC0-301F-11D3-BF4B-00C04F79EFBC}") = "ProgramTimer", "ProgramTimer\ProgramTimer.csproj", "{D35AC2CE-B7AF-4798-A709-2AAF6496DB78}"
EndProject
Global
	GlobalSection(SolutionConfigurationPlatforms) = preSolution
		Debug|Any CPU = Debug|Any CPU
		Release|Any CPU = Release|Any CPU
	EndGlobalSection
	GlobalSection(ProjectConfigurationPlatforms) = postSolution
		{F033C756-BB43-403D-BC88-50EAB0EB6F59}.Debug|Any CPU.ActiveCfg = Debug|Any CPU
		{F033C756-BB43-403D-BC88-50EAB0EB6F59}.Debug|Any CPU.Build.0 = Debug|Any CPU
		{F033C756-BB43-403D-BC88-50EAB0EB6F59}.Release|Any CPU.ActiveCfg = Release|Any CPU
		{F033C756-BB43-403D-BC88-50EAB0EB6F59}.Release|Any CPU.Build.0 = Release|Any CPU
		{EB61B021-3CB6-4BA6-9D6D-9E5B58B9D298}.Debug|Any CPU.ActiveCfg = Debug|Any CPU
		{EB61B021-3CB6-4BA6-9D6D-9E5B58B9D298}.Debug|Any CPU.Build.0 = Debug|Any CPU
		{EB61B021-3CB6-4BA6-9D6D-9E5B58B9D298}.Release|Any CPU.ActiveCfg = Release|Any CPU
		{EB61B021-3CB6-4BA6-9D6D-9E5B58B9D298}.Release|Any CPU.Build.0 = Release|Any CPU
		{07D767C2-AC10-415D-B58B-626455619ED7}.Debug|Any CPU.ActiveCfg = Debug|Any CPU
		{07D767C2-AC10-415D-B58B-626455619ED7}.Debug|Any CPU.Build.0 = Debug|Any CPU
		{07D767C2-AC10-415D-B58B-626455619ED7}.Release|Any CPU.ActiveCfg = Release|Any CPU
		{07D767C2-AC10-415D-B58B-626455619ED7}.Release|Any CPU.Build.0 = Release|Any CPU
		{7F2D9907-A8C4-40F6-ABA7-1867589A2F05}.Debug|Any CPU.ActiveCfg = Debug|Any CPU
		{7F2D9907-A8C4-40F6-ABA7-1867589A2F05}.Debug|Any CPU.Build.0 = Debug|Any CPU
		{7F2D9907-A8C4-40F6-ABA7-1867589A2F05}.Release|Any CPU.ActiveCfg = Release|Any CPU
		{7F2D9907-A8C4-40F6-ABA7-1867589A2F05}.Release|Any CPU.Build.0 = Release|Any CPU
		{C5A8210D-FC2D-433D-BE1B-ED195C45F457}.Debug|Any CPU.ActiveCfg = Debug|Any CPU
		{C5A8210D-FC2D-433D-BE1B-ED195C45F457}.Debug|Any CPU.Build.0 = Debug|Any CPU
		{C5A8210D-FC2D-433D-BE1B-ED195C45F457}.Release|Any CPU.ActiveCfg = Release|Any CPU
		{C5A8210D-FC2D-433D-BE1B-ED195C45F457}.Release|Any CPU.Build.0 = Release|Any CPU
		{0FF557BB-DEDA-4763-9F11-826C43DA841E}.Debug|Any CPU.ActiveCfg = Debug|Any CPU
		{0FF557BB-DEDA-4763-9F11-826C43DA841E}.Debug|Any CPU.Build.0 = Debug|Any CPU
		{0FF557BB-DEDA-4763-9F11-826C43DA841E}.Release|Any CPU.ActiveCfg = Release|Any CPU
		{0FF557BB-DEDA-4763-9F11-826C43DA841E}.Release|Any CPU.Build.0 = Release|Any CPU
		{6A207657-036A-4759-9066-34A0F0742CA1}.Debug|Any CPU.ActiveCfg = Debug|Any CPU
		{6A207657-036A-4759-9066-34A0F0742CA1}.Debug|Any CPU.Build.0 = Debug|Any CPU
		{6A207657-036A-4759-9066-34A0F0742CA1}.Release|Any CPU.ActiveCfg = Release|Any CPU
		{6A207657-036A-4759-9066-34A0F0742CA1}.Release|Any CPU.Build.0 = Release|Any CPU
		{B2BA171E-073C-4206-9BFF-2391C5D58161}.Debug|Any CPU.ActiveCfg = Debug|Any CPU
		{B2BA171E-073C-4206-9BFF-2391C5D58161}.Debug|Any CPU.Build.0 = Debug|Any CPU
		{B2BA171E-073C-4206-9BFF-2391C5D58161}.Release|Any CPU.ActiveCfg = Release|Any CPU
		{B2BA171E-073C-4206-9BFF-2391C5D58161}.Release|Any CPU.Build.0 = Release|Any CPU
		{16C8995A-C041-47AC-8FB4-C873EC15CF13}.Debug|Any CPU.ActiveCfg = Debug|Any CPU
		{16C8995A-C041-47AC-8FB4-C873EC15CF13}.Debug|Any CPU.Build.0 = Debug|Any CPU
		{16C8995A-C041-47AC-8FB4-C873EC15CF13}.Release|Any CPU.ActiveCfg = Release|Any CPU
		{16C8995A-C041-47AC-8FB4-C873EC15CF13}.Release|Any CPU.Build.0 = Release|Any CPU
		{D35AC2CE-B7AF-4798-A709-2AAF6496DB78}.Debug|Any CPU.ActiveCfg = Debug|Any CPU
		{D35AC2CE-B7AF-4798-A709-2AAF6496DB78}.Debug|Any CPU.Build.0 = Debug|Any CPU
		{D35AC2CE-B7AF-4798-A709-2AAF6496DB78}.Release|Any CPU.ActiveCfg = Release|Any CPU
		{D35AC2CE-B7AF-4798-A709-2AAF6496DB78}.Release|Any CPU.Build.0 = Release|Any CPU
	EndGlobalSection
	GlobalSection(SolutionProperties) = preSolution
		HideSolutionNode = FALSE
	EndGlobalSection
	GlobalSection(NestedProjects) = preSolution
		{F033C756-BB43-403D-BC88-50EAB0EB6F59} = {9960C194-A0FD-43D6-9255-2EB94FA3A404}
		{EB61B021-3CB6-4BA6-9D6D-9E5B58B9D298} = {A042E865-8722-4392-815B-0785DA5A93EC}
		{07D767C2-AC10-415D-B58B-626455619ED7} = {A042E865-8722-4392-815B-0785DA5A93EC}
		{7F2D9907-A8C4-40F6-ABA7-1867589A2F05} = {A042E865-8722-4392-815B-0785DA5A93EC}
		{C5A8210D-FC2D-433D-BE1B-ED195C45F457} = {5AF0FC81-641C-40B2-8E64-6E2AEC251AD8}
		{0FF557BB-DEDA-4763-9F11-826C43DA841E} = {1F9E2A0E-400A-42D5-A177-15F595602564}
		{6A207657-036A-4759-9066-34A0F0742CA1} = {4BB5E062-BB1B-4370-B1D0-79BC963E2648}
		{B2BA171E-073C-4206-9BFF-2391C5D58161} = {4BB5E062-BB1B-4370-B1D0-79BC963E2648}
		{16C8995A-C041-47AC-8FB4-C873EC15CF13} = {4BB5E062-BB1B-4370-B1D0-79BC963E2648}
		{D35AC2CE-B7AF-4798-A709-2AAF6496DB78} = {477C4FB9-EF54-4BEF-940C-CF5F57291EB0}
	EndGlobalSection
	GlobalSection(ExtensibilityGlobals) = postSolution
		SolutionGuid = {3F22332E-55BB-4EAA-82FF-E51988496C20}
	EndGlobalSection
EndGlobal
